<?xml version="1.0" encoding="utf-8"?>
<Project ToolsVersion="4.0" xmlns="http://schemas.microsoft.com/developer/msbuild/2003">
  <ItemGroup>
    <Filter Include="Исходные файлы">
      <UniqueIdentifier>{4FC737F1-C7A5-4376-A066-2A32D752A2FF}</UniqueIdentifier>
      <Extensions>cpp;c;cc;cxx;c++;cppm;ixx;def;odl;idl;hpj;bat;asm;asmx</Extensions>
    </Filter>
    <Filter Include="Файлы заголовков">
      <UniqueIdentifier>{93995380-89BD-4b04-88EB-625FBE52EBFB}</UniqueIdentifier>
      <Extensions>h;hh;hpp;hxx;h++;hm;inl;inc;ipp;xsd</Extensions>
    </Filter>
    <Filter Include="Файлы ресурсов">
      <UniqueIdentifier>{67DA6AB6-F800-4c08-8B7A-83BB121AAD01}</UniqueIdentifier>
      <Extensions>rc;ico;cur;bmp;dlg;rc2;rct;bin;rgs;gif;jpg;jpeg;jpe;resx;tiff;tif;png;wav;mfcribbon-ms</Extensions>
    </Filter>
    <Filter Include="Файлы заголовков\g2lib">
      <UniqueIdentifier>{89f061c9-d58c-4762-9bbd-db943d4700a2}</UniqueIdentifier>
    </Filter>
    <Filter Include="Исходные файлы\g2lib">
      <UniqueIdentifier>{a30b569b-792c-4687-8dc0-774eef202b03}</UniqueIdentifier>
    </Filter>
    <Filter Include="Исходные файлы\g2lib\sensors">
      <UniqueIdentifier>{5b4ad13d-9e6d-4e8e-8491-ebe3c6270680}</UniqueIdentifier>
    </Filter>
    <Filter Include="Исходные файлы\g2lib\signals">
      <UniqueIdentifier>{b023fea8-b921-4b4a-ab3f-6c63ead27857}</UniqueIdentifier>
    </Filter>
    <Filter Include="Исходные файлы\g2lib\sintezators">
      <UniqueIdentifier>{7d7301e8-89c8-423e-9e86-dc57b2c040f8}</UniqueIdentifier>
    </Filter>
    <Filter Include="Файлы заголовков\g2lib\sensors">
      <UniqueIdentifier>{665b019c-1565-4c75-91c8-21e3ce712b0b}</UniqueIdentifier>
    </Filter>
    <Filter Include="Файлы заголовков\g2lib\signals">
      <UniqueIdentifier>{e7b23798-4699-4ec6-ac0b-ae1a5f95accd}</UniqueIdentifier>
    </Filter>
    <Filter Include="Файлы заголовков\g2lib\sintezators">
      <UniqueIdentifier>{b29586cc-62eb-498d-af1c-303b2973e4cb}</UniqueIdentifier>
    </Filter>
    <Filter Include="Файлы заголовков\g2lib\sensors\audio_sensor">
      <UniqueIdentifier>{54bfa274-8eed-4293-a582-8aea43c63056}</UniqueIdentifier>
    </Filter>
    <Filter Include="Исходные файлы\g2lib\sensors\audio_sensor">
      <UniqueIdentifier>{2e1095b6-ca96-4ec5-9bb7-d27366f6532d}</UniqueIdentifier>
    </Filter>
  </ItemGroup>
  <ItemGroup>
    <ClInclude Include="framework.h">
      <Filter>Файлы заголовков</Filter>
    </ClInclude>
    <ClInclude Include="targetver.h">
      <Filter>Файлы заголовков</Filter>
    </ClInclude>
    <ClInclude Include="Resource.h">
      <Filter>Файлы заголовков</Filter>
    </ClInclude>
    <ClInclude Include="GORCHAN-2.0.h">
      <Filter>Файлы заголовков</Filter>
    </ClInclude>
    <ClInclude Include="mind_sphere.h">
      <Filter>Файлы заголовков\g2lib</Filter>
    </ClInclude>
    <ClInclude Include="stdafx.h">
      <Filter>Файлы заголовков</Filter>
    </ClInclude>
    <ClInclude Include="vision_sensor.h">
      <Filter>Файлы заголовков\g2lib\sensors</Filter>
    </ClInclude>
    <ClInclude Include="signal.h">
      <Filter>Файлы заголовков\g2lib\signals</Filter>
    </ClInclude>
    <ClInclude Include="sintezator_base.h">
      <Filter>Файлы заголовков\g2lib\sintezators</Filter>
    </ClInclude>
    <ClInclude Include="audio_sensor.h">
      <Filter>Файлы заголовков\g2lib\sensors\audio_sensor</Filter>
    </ClInclude>
    <ClInclude Include="audio_capture.h">
      <Filter>Файлы заголовков\g2lib\sensors\audio_sensor</Filter>
    </ClInclude>
  </ItemGroup>
  <ItemGroup>
    <ClCompile Include="GORCHAN-2.0.cpp">
      <Filter>Исходные файлы</Filter>
    </ClCompile>
    <ClCompile Include="mind_sphere.cpp">
      <Filter>Исходные файлы\g2lib</Filter>
    </ClCompile>
    <ClCompile Include="vision_sensor.cpp">
      <Filter>Исходные файлы\g2lib\sensors</Filter>
    </ClCompile>
    <ClCompile Include="signal.cpp">
      <Filter>Исходные файлы\g2lib\signals</Filter>
    </ClCompile>
    <ClCompile Include="sintezator_base.cpp">
      <Filter>Исходные файлы\g2lib\sintezators</Filter>
    </ClCompile>
    <ClCompile Include="audio_sensor.cpp">
      <Filter>Исходные файлы\g2lib\sensors\audio_sensor</Filter>
    </ClCompile>
    <ClCompile Include="audio_capture.cpp">
      <Filter>Исходные файлы\g2lib\sensors\audio_sensor</Filter>
    </ClCompile>
  </ItemGroup>
  <ItemGroup>
    <ResourceCompile Include="GORCHAN-2.0.rc">
      <Filter>Файлы ресурсов</Filter>
    </ResourceCompile>
  </ItemGroup>
  <ItemGroup>
    <Image Include="small.ico">
      <Filter>Файлы ресурсов</Filter>
    </Image>
    <Image Include="GORCHAN-2.0.ico">
      <Filter>Файлы ресурсов</Filter>
    </Image>
  </ItemGroup>
</Project>