<?xml version="1.0" encoding="utf-8"?>
<Project ToolsVersion="4.0" xmlns="http://schemas.microsoft.com/developer/msbuild/2003">
  <ItemGroup>
    <Filter Include="Source Files">
      <UniqueIdentifier>{4FC737F1-C7A5-4376-A066-2A32D752A2FF}</UniqueIdentifier>
      <Extensions>cpp;c;cc;cxx;c++;cppm;ixx;def;odl;idl;hpj;bat;asm;asmx</Extensions>
    </Filter>
    <Filter Include="Header Files">
      <UniqueIdentifier>{93995380-89BD-4b04-88EB-625FBE52EBFB}</UniqueIdentifier>
      <Extensions>h;hh;hpp;hxx;h++;hm;inl;inc;ipp;xsd</Extensions>
    </Filter>
    <Filter Include="Resource Files">
      <UniqueIdentifier>{67DA6AB6-F800-4c08-8B7A-83BB121AAD01}</UniqueIdentifier>
      <Extensions>rc;ico;cur;bmp;dlg;rc2;rct;bin;rgs;gif;jpg;jpeg;jpe;resx;tiff;tif;png;wav;mfcribbon-ms</Extensions>
    </Filter>
    <Filter Include="Header Files\shape">
      <UniqueIdentifier>{955394c2-846c-49ba-8a60-63a8ce31f978}</UniqueIdentifier>
    </Filter>
    <Filter Include="Source Files\shape">
      <UniqueIdentifier>{e625e990-31c1-428b-a2a9-cdb78d631e10}</UniqueIdentifier>
    </Filter>
    <Filter Include="Header Files\linker">
      <UniqueIdentifier>{fb5ce67f-e1e2-42dc-acad-af65e36ad870}</UniqueIdentifier>
    </Filter>
    <Filter Include="Source Files\linker">
      <UniqueIdentifier>{f457dd93-17a2-40c4-ba6a-d2ce59fcde7f}</UniqueIdentifier>
    </Filter>
    <Filter Include="Header Files\ls_memory">
      <UniqueIdentifier>{c0c8064c-7990-4626-8088-90ed14a57b15}</UniqueIdentifier>
    </Filter>
    <Filter Include="Source Files\ls_memory">
      <UniqueIdentifier>{9e702e8a-75f1-42ea-90c3-cfc5a0b4b6ef}</UniqueIdentifier>
    </Filter>
    <Filter Include="Header Files\lib">
      <UniqueIdentifier>{40e338b8-5f69-4fd9-bacb-13fee57b64bf}</UniqueIdentifier>
    </Filter>
    <Filter Include="Source Files\lib">
      <UniqueIdentifier>{21733a5f-4472-49e4-8420-915730eef818}</UniqueIdentifier>
    </Filter>
  </ItemGroup>
  <ItemGroup>
    <ClInclude Include="framework.h">
      <Filter>Header Files</Filter>
    </ClInclude>
    <ClInclude Include="pch.h">
      <Filter>Header Files</Filter>
    </ClInclude>
    <ClInclude Include="shape_iterator.h">
      <Filter>Header Files</Filter>
    </ClInclude>
    <ClInclude Include="base_shape.h">
      <Filter>Header Files\shape</Filter>
    </ClInclude>
    <ClInclude Include="fona_shape.h">
      <Filter>Header Files\shape</Filter>
    </ClInclude>
    <ClInclude Include="eos_shape.h">
      <Filter>Header Files\shape</Filter>
    </ClInclude>
    <ClInclude Include="soul_shape.h">
      <Filter>Header Files\shape</Filter>
    </ClInclude>
    <ClInclude Include="linker.h">
      <Filter>Header Files\linker</Filter>
    </ClInclude>
    <ClInclude Include="rule.h">
      <Filter>Header Files\linker</Filter>
    </ClInclude>
    <ClInclude Include="ls_memory.h">
      <Filter>Header Files\ls_memory</Filter>
    </ClInclude>
    <ClInclude Include="indexator.h">
      <Filter>Header Files</Filter>
    </ClInclude>
  </ItemGroup>
  <ItemGroup>
    <ClCompile Include="dllmain.cpp">
      <Filter>Source Files</Filter>
    </ClCompile>
    <ClCompile Include="pch.cpp">
      <Filter>Source Files</Filter>
    </ClCompile>
    <ClCompile Include="shape_iterator.cpp">
      <Filter>Source Files</Filter>
    </ClCompile>
    <ClCompile Include="soul_shape.cpp">
      <Filter>Source Files\shape</Filter>
    </ClCompile>
    <ClCompile Include="eos_shape.cpp">
      <Filter>Source Files\shape</Filter>
    </ClCompile>
    <ClCompile Include="fona_shape.cpp">
      <Filter>Source Files\shape</Filter>
    </ClCompile>
    <ClCompile Include="base_shape.cpp">
      <Filter>Source Files\shape</Filter>
    </ClCompile>
    <ClCompile Include="linker.cpp">
      <Filter>Source Files\linker</Filter>
    </ClCompile>
    <ClCompile Include="rule.cpp">
      <Filter>Source Files\linker</Filter>
    </ClCompile>
    <ClCompile Include="ls_memory.cpp">
      <Filter>Source Files\ls_memory</Filter>
    </ClCompile>
    <ClCompile Include="indexator.cpp">
      <Filter>Source Files</Filter>
    </ClCompile>
  </ItemGroup>
</Project>